
Microsoft Visual Studio Solution File, Format Version 11.00
# Visual Studio 2010
Project("{FAE04EC0-301F-11D3-BF4B-00C04F79EFBC}") = "Assembly-CSharp", "Assembly-CSharp.csproj", "{53853333-c045-ad62-50e8-a316418b52c0}"
EndProject
Project("{FAE04EC0-301F-11D3-BF4B-00C04F79EFBC}") = "Assembly-CSharp-Editor", "Assembly-CSharp-Editor.csproj", "{a98170b0-d091-184f-74b8-bf8eb4b04f16}"
EndProject
Global
	GlobalSection(SolutionConfigurationPlatforms) = preSolution
		Debug|Any CPU = Debug|Any CPU
	EndGlobalSection
	GlobalSection(ProjectConfigurationPlatforms) = postSolution
		{53853333-c045-ad62-50e8-a316418b52c0}.Debug|Any CPU.ActiveCfg = Debug|Any CPU
		{53853333-c045-ad62-50e8-a316418b52c0}.Debug|Any CPU.Build.0 = Debug|Any CPU
		{a98170b0-d091-184f-74b8-bf8eb4b04f16}.Debug|Any CPU.ActiveCfg = Debug|Any CPU
		{a98170b0-d091-184f-74b8-bf8eb4b04f16}.Debug|Any CPU.Build.0 = Debug|Any CPU
	EndGlobalSection
	GlobalSection(SolutionProperties) = preSolution
		HideSolutionNode = FALSE
	EndGlobalSection
EndGlobal
